
Microsoft Visual Studio Solution File, Format Version 12.00
# Visual Studio 2013
VisualStudioVersion = 12.0.31101.0
MinimumVisualStudioVersion = 10.0.40219.1
Project("{FAE04EC0-301F-11D3-BF4B-00C04F79EFBC}") = "VLCDriver", "VLCDriver\VLCDriver.csproj", "{38E98453-F4C7-4473-8945-C4864CEECA42}"
EndProject
Project("{FAE04EC0-301F-11D3-BF4B-00C04F79EFBC}") = "VlcDriverTests", "VlcDriverTests\VlcDriverTests.csproj", "{A5515A6C-C98D-4BD6-8D00-6A1ED2D185E4}"
EndProject
Global
	GlobalSection(SolutionConfigurationPlatforms) = preSolution
		Debug|Any CPU = Debug|Any CPU
		Release|Any CPU = Release|Any CPU
	EndGlobalSection
	GlobalSection(ProjectConfigurationPlatforms) = postSolution
		{38E98453-F4C7-4473-8945-C4864CEECA42}.Debug|Any CPU.ActiveCfg = Debug|Any CPU
		{38E98453-F4C7-4473-8945-C4864CEECA42}.Debug|Any CPU.Build.0 = Debug|Any CPU
		{38E98453-F4C7-4473-8945-C4864CEECA42}.Release|Any CPU.ActiveCfg = Release|Any CPU
		{38E98453-F4C7-4473-8945-C4864CEECA42}.Release|Any CPU.Build.0 = Release|Any CPU
		{A5515A6C-C98D-4BD6-8D00-6A1ED2D185E4}.Debug|Any CPU.ActiveCfg = Debug|Any CPU
		{A5515A6C-C98D-4BD6-8D00-6A1ED2D185E4}.Debug|Any CPU.Build.0 = Debug|Any CPU
		{A5515A6C-C98D-4BD6-8D00-6A1ED2D185E4}.Release|Any CPU.ActiveCfg = Release|Any CPU
		{A5515A6C-C98D-4BD6-8D00-6A1ED2D185E4}.Release|Any CPU.Build.0 = Release|Any CPU
	EndGlobalSection
	GlobalSection(SolutionProperties) = preSolution
		HideSolutionNode = FALSE
	EndGlobalSection
EndGlobal
